// !$*UTF8*$!
{
	archiveVersion = 1;
	classes = {
	};
	objectVersion = 56;
	objects = {

/* Begin PBXBuildFile section */
		0F07AE862A0CEABC0029A940 /* CityView.swift in Sources */ = {isa = PBXBuildFile; fileRef = 0F07AE852A0CEABC0029A940 /* CityView.swift */; };
		0F07AE882A0CEACA0029A940 /* CityViewModel.swift in Sources */ = {isa = PBXBuildFile; fileRef = 0F07AE872A0CEACA0029A940 /* CityViewModel.swift */; };
		0F17FCA42A20D33900527735 /* EventNetworkManager.swift in Sources */ = {isa = PBXBuildFile; fileRef = 0F17FCA32A20D33900527735 /* EventNetworkManager.swift */; };
		0F17FCA62A20D44E00527735 /* EventDataManager.swift in Sources */ = {isa = PBXBuildFile; fileRef = 0F17FCA52A20D44E00527735 /* EventDataManager.swift */; };
		0F217B332A1BC84F0009B3F9 /* CityPlaceView.swift in Sources */ = {isa = PBXBuildFile; fileRef = 0F217B322A1BC84F0009B3F9 /* CityPlaceView.swift */; };
		0F217B352A1BC8680009B3F9 /* CityPlaceViewModel.swift in Sources */ = {isa = PBXBuildFile; fileRef = 0F217B342A1BC8680009B3F9 /* CityPlaceViewModel.swift */; };
		0F37F02E2A03D48600679932 /* DictionaryExtension.swift in Sources */ = {isa = PBXBuildFile; fileRef = 0F37F02D2A03D48600679932 /* DictionaryExtension.swift */; };
		0F37F0302A03F33200679932 /* CatalogView.swift in Sources */ = {isa = PBXBuildFile; fileRef = 0F37F02F2A03F33200679932 /* CatalogView.swift */; };
		0F37F0322A03F34000679932 /* CatalogViewModel.swift in Sources */ = {isa = PBXBuildFile; fileRef = 0F37F0312A03F34000679932 /* CatalogViewModel.swift */; };
		0F37F0342A03F41B00679932 /* CountryCell.swift in Sources */ = {isa = PBXBuildFile; fileRef = 0F37F0332A03F41B00679932 /* CountryCell.swift */; };
		0F37F0362A03F53D00679932 /* CatalogDataManager.swift in Sources */ = {isa = PBXBuildFile; fileRef = 0F37F0352A03F53D00679932 /* CatalogDataManager.swift */; };
		0F37F0382A03F78B00679932 /* DecodedCountries.swift in Sources */ = {isa = PBXBuildFile; fileRef = 0F37F0372A03F78B00679932 /* DecodedCountries.swift */; };
		0F37F03A2A03F80700679932 /* CatalogNetworkManager.swift in Sources */ = {isa = PBXBuildFile; fileRef = 0F37F0392A03F80700679932 /* CatalogNetworkManager.swift */; };
		0F41D9B52A39D170003B51DA /* LocationManager.swift in Sources */ = {isa = PBXBuildFile; fileRef = 0F41D9B42A39D170003B51DA /* LocationManager.swift */; };
		0F53B3152A41C06A0022D84B /* EventAnnotation.swift in Sources */ = {isa = PBXBuildFile; fileRef = 0F53B3142A41C06A0022D84B /* EventAnnotation.swift */; };
		0F53B31A2A41E9040022D84B /* AddPlaceView.swift in Sources */ = {isa = PBXBuildFile; fileRef = 0F53B3192A41E9040022D84B /* AddPlaceView.swift */; };
		0F53B31F2A41F7090022D84B /* AddPlaceViewModel.swift in Sources */ = {isa = PBXBuildFile; fileRef = 0F53B31E2A41F7090022D84B /* AddPlaceViewModel.swift */; };
		0F5B8BE829F83CD90083B81B /* NaviGayApp.swift in Sources */ = {isa = PBXBuildFile; fileRef = 0F5B8BE729F83CD90083B81B /* NaviGayApp.swift */; };
		0F5B8BEA29F83CD90083B81B /* EntryView.swift in Sources */ = {isa = PBXBuildFile; fileRef = 0F5B8BE929F83CD90083B81B /* EntryView.swift */; };
		0F5B8BEC29F83CDA0083B81B /* Assets.xcassets in Resources */ = {isa = PBXBuildFile; fileRef = 0F5B8BEB29F83CDA0083B81B /* Assets.xcassets */; };
		0F5B8BEF29F83CDA0083B81B /* Preview Assets.xcassets in Resources */ = {isa = PBXBuildFile; fileRef = 0F5B8BEE29F83CDA0083B81B /* Preview Assets.xcassets */; };
		0F5B8BFB29F857750083B81B /* CoreDataManager.swift in Sources */ = {isa = PBXBuildFile; fileRef = 0F5B8BFA29F857750083B81B /* CoreDataManager.swift */; };
		0F5B8C2F29F977CE0083B81B /* NaviGay.xcdatamodeld in Sources */ = {isa = PBXBuildFile; fileRef = 0F5B8C2D29F977CE0083B81B /* NaviGay.xcdatamodeld */; };
		0F6C167C29FC083900F6D104 /* NetworkMonitor.swift in Sources */ = {isa = PBXBuildFile; fileRef = 0F6C167B29FC083900F6D104 /* NetworkMonitor.swift */; };
		0F6C167E29FC087800F6D104 /* ApiProperties.swift in Sources */ = {isa = PBXBuildFile; fileRef = 0F6C167D29FC087800F6D104 /* ApiProperties.swift */; };
		0F6C168029FC0D2400F6D104 /* AuthNetworkManager.swift in Sources */ = {isa = PBXBuildFile; fileRef = 0F6C167F29FC0D2400F6D104 /* AuthNetworkManager.swift */; };
		0F6C168229FC0D4B00F6D104 /* NetworkErrors.swift in Sources */ = {isa = PBXBuildFile; fileRef = 0F6C168129FC0D4B00F6D104 /* NetworkErrors.swift */; };
		0F7388412A409F6E00EE20D3 /* MapPlaceView.swift in Sources */ = {isa = PBXBuildFile; fileRef = 0F7388402A409F6E00EE20D3 /* MapPlaceView.swift */; };
		0F7DC03F2A3C9012007034CC /* UserAnnotation.swift in Sources */ = {isa = PBXBuildFile; fileRef = 0F7DC03E2A3C9012007034CC /* UserAnnotation.swift */; };
		0F7DC0412A3CA751007034CC /* UIKitMapView.swift in Sources */ = {isa = PBXBuildFile; fileRef = 0F7DC0402A3CA751007034CC /* UIKitMapView.swift */; };
		0FB281012A0154DE00E79982 /* AuthManager.swift in Sources */ = {isa = PBXBuildFile; fileRef = 0FB281002A0154DE00E79982 /* AuthManager.swift */; };
		0FB281042A02970800E79982 /* DecodedUser.swift in Sources */ = {isa = PBXBuildFile; fileRef = 0FB281032A02970800E79982 /* DecodedUser.swift */; };
		0FB281062A02AA3B00E79982 /* TabBarButton.swift in Sources */ = {isa = PBXBuildFile; fileRef = 0FB281052A02AA3B00E79982 /* TabBarButton.swift */; };
		0FB281092A02B28000E79982 /* UserViewModel.swift in Sources */ = {isa = PBXBuildFile; fileRef = 0FB281082A02B28000E79982 /* UserViewModel.swift */; };
		0FB2810B2A02B2C400E79982 /* UserView.swift in Sources */ = {isa = PBXBuildFile; fileRef = 0FB2810A2A02B2C400E79982 /* UserView.swift */; };
		0FB2810D2A02B6DD00E79982 /* SignUpViewModel.swift in Sources */ = {isa = PBXBuildFile; fileRef = 0FB2810C2A02B6DD00E79982 /* SignUpViewModel.swift */; };
		0FB2810F2A02B6ED00E79982 /* SignUpView.swift in Sources */ = {isa = PBXBuildFile; fileRef = 0FB2810E2A02B6ED00E79982 /* SignUpView.swift */; };
		0FBB1E6E2A3B2AB300FAEEA4 /* MapViewModel.swift in Sources */ = {isa = PBXBuildFile; fileRef = 0FBB1E6D2A3B2AB300FAEEA4 /* MapViewModel.swift */; };
		0FBB1E702A3B56C200FAEEA4 /* PlaceAnnotation.swift in Sources */ = {isa = PBXBuildFile; fileRef = 0FBB1E6F2A3B56C200FAEEA4 /* PlaceAnnotation.swift */; };
		0FBB1E722A3B59E700FAEEA4 /* MapDataManager.swift in Sources */ = {isa = PBXBuildFile; fileRef = 0FBB1E712A3B59E700FAEEA4 /* MapDataManager.swift */; };
		0FBD1F892A16263B00B11CCE /* MapView.swift in Sources */ = {isa = PBXBuildFile; fileRef = 0FBD1F882A16263B00B11CCE /* MapView.swift */; };
		0FBD1F8B2A1632F900B11CCE /* TabBarButtonView.swift in Sources */ = {isa = PBXBuildFile; fileRef = 0FBD1F8A2A1632F900B11CCE /* TabBarButtonView.swift */; };
		0FBD1F8E2A16502F00B11CCE /* ImageCache.swift in Sources */ = {isa = PBXBuildFile; fileRef = 0FBD1F8D2A16502F00B11CCE /* ImageCache.swift */; };
		0FBD1F902A16508700B11CCE /* ImageLoader.swift in Sources */ = {isa = PBXBuildFile; fileRef = 0FBD1F8F2A16508700B11CCE /* ImageLoader.swift */; };
		0FBD1F922A1650BB00B11CCE /* CachedImageViewModel.swift in Sources */ = {isa = PBXBuildFile; fileRef = 0FBD1F912A1650BB00B11CCE /* CachedImageViewModel.swift */; };
		0FBD1F942A1651B600B11CCE /* CachedImageView.swift in Sources */ = {isa = PBXBuildFile; fileRef = 0FBD1F932A1651B600B11CCE /* CachedImageView.swift */; };
		0FD2F85E2A1F54D200F3A8C8 /* EventView.swift in Sources */ = {isa = PBXBuildFile; fileRef = 0FD2F85D2A1F54D200F3A8C8 /* EventView.swift */; };
		0FD2F8602A1F54E000F3A8C8 /* EventViewModel.swift in Sources */ = {isa = PBXBuildFile; fileRef = 0FD2F85F2A1F54E000F3A8C8 /* EventViewModel.swift */; };
		0FD8A75629FA859A004EA3F0 /* EntryViewModel.swift in Sources */ = {isa = PBXBuildFile; fileRef = 0FD8A75529FA859A004EA3F0 /* EntryViewModel.swift */; };
		0FD8A75829FA8929004EA3F0 /* TabBarView.swift in Sources */ = {isa = PBXBuildFile; fileRef = 0FD8A75729FA8929004EA3F0 /* TabBarView.swift */; };
		0FD8A75B29FA898F004EA3F0 /* TabBarViewModel.swift in Sources */ = {isa = PBXBuildFile; fileRef = 0FD8A75A29FA898F004EA3F0 /* TabBarViewModel.swift */; };
		0FD8A75D29FA8DEE004EA3F0 /* LaunchScreen.storyboard in Resources */ = {isa = PBXBuildFile; fileRef = 0FD8A75C29FA8DEE004EA3F0 /* LaunchScreen.storyboard */; };
		0FD8A75F29FA9018004EA3F0 /* UserDataManager.swift in Sources */ = {isa = PBXBuildFile; fileRef = 0FD8A75E29FA9018004EA3F0 /* UserDataManager.swift */; };
		0FD8A76129FAA755004EA3F0 /* LoginView.swift in Sources */ = {isa = PBXBuildFile; fileRef = 0FD8A76029FAA755004EA3F0 /* LoginView.swift */; };
		0FD8A76329FAA772004EA3F0 /* LoginViewModel.swift in Sources */ = {isa = PBXBuildFile; fileRef = 0FD8A76229FAA772004EA3F0 /* LoginViewModel.swift */; };
		0FD8A76629FAB2A0004EA3F0 /* AppColors.swift in Sources */ = {isa = PBXBuildFile; fileRef = 0FD8A76529FAB2A0004EA3F0 /* AppColors.swift */; };
		0FD8A76A29FAB439004EA3F0 /* LoginTextField.swift in Sources */ = {isa = PBXBuildFile; fileRef = 0FD8A76929FAB439004EA3F0 /* LoginTextField.swift */; };
		0FD8A76C29FAB45D004EA3F0 /* AppImages.swift in Sources */ = {isa = PBXBuildFile; fileRef = 0FD8A76B29FAB45D004EA3F0 /* AppImages.swift */; };
		0FD8A76E29FAB70A004EA3F0 /* PasswordTextField.swift in Sources */ = {isa = PBXBuildFile; fileRef = 0FD8A76D29FAB70A004EA3F0 /* PasswordTextField.swift */; };
		0FD8A77229FAC2A8004EA3F0 /* AsyncButton.swift in Sources */ = {isa = PBXBuildFile; fileRef = 0FD8A77129FAC2A8004EA3F0 /* AsyncButton.swift */; };
		0FD8A77529FAC3BB004EA3F0 /* ShakeEffect.swift in Sources */ = {isa = PBXBuildFile; fileRef = 0FD8A77429FAC3BB004EA3F0 /* ShakeEffect.swift */; };
		0FDA20232A092B13008D40D2 /* CountryView.swift in Sources */ = {isa = PBXBuildFile; fileRef = 0FDA20222A092B13008D40D2 /* CountryView.swift */; };
		0FDA20252A092B32008D40D2 /* CountryViewModel.swift in Sources */ = {isa = PBXBuildFile; fileRef = 0FDA20242A092B32008D40D2 /* CountryViewModel.swift */; };
		0FE44CB92A1D2E8D00E6BB3C /* Event+CoreDataClass.swift in Sources */ = {isa = PBXBuildFile; fileRef = 0FE44CA72A1D2E8D00E6BB3C /* Event+CoreDataClass.swift */; };
		0FE44CBA2A1D2E8D00E6BB3C /* Event+CoreDataProperties.swift in Sources */ = {isa = PBXBuildFile; fileRef = 0FE44CA82A1D2E8D00E6BB3C /* Event+CoreDataProperties.swift */; };
		0FE44CBB2A1D2E8D00E6BB3C /* WorkingTime+CoreDataClass.swift in Sources */ = {isa = PBXBuildFile; fileRef = 0FE44CA92A1D2E8D00E6BB3C /* WorkingTime+CoreDataClass.swift */; };
		0FE44CBC2A1D2E8D00E6BB3C /* WorkingTime+CoreDataProperties.swift in Sources */ = {isa = PBXBuildFile; fileRef = 0FE44CAA2A1D2E8D00E6BB3C /* WorkingTime+CoreDataProperties.swift */; };
		0FE44CBD2A1D2E8D00E6BB3C /* Photo+CoreDataClass.swift in Sources */ = {isa = PBXBuildFile; fileRef = 0FE44CAB2A1D2E8D00E6BB3C /* Photo+CoreDataClass.swift */; };
		0FE44CBE2A1D2E8D00E6BB3C /* Photo+CoreDataProperties.swift in Sources */ = {isa = PBXBuildFile; fileRef = 0FE44CAC2A1D2E8D00E6BB3C /* Photo+CoreDataProperties.swift */; };
		0FE44CBF2A1D2E8D00E6BB3C /* Region+CoreDataClass.swift in Sources */ = {isa = PBXBuildFile; fileRef = 0FE44CAD2A1D2E8D00E6BB3C /* Region+CoreDataClass.swift */; };
		0FE44CC02A1D2E8D00E6BB3C /* Region+CoreDataProperties.swift in Sources */ = {isa = PBXBuildFile; fileRef = 0FE44CAE2A1D2E8D00E6BB3C /* Region+CoreDataProperties.swift */; };
		0FE44CC12A1D2E8D00E6BB3C /* Country+CoreDataClass.swift in Sources */ = {isa = PBXBuildFile; fileRef = 0FE44CAF2A1D2E8D00E6BB3C /* Country+CoreDataClass.swift */; };
		0FE44CC22A1D2E8D00E6BB3C /* Country+CoreDataProperties.swift in Sources */ = {isa = PBXBuildFile; fileRef = 0FE44CB02A1D2E8D00E6BB3C /* Country+CoreDataProperties.swift */; };
		0FE44CC32A1D2E8D00E6BB3C /* City+CoreDataClass.swift in Sources */ = {isa = PBXBuildFile; fileRef = 0FE44CB12A1D2E8D00E6BB3C /* City+CoreDataClass.swift */; };
		0FE44CC42A1D2E8D00E6BB3C /* City+CoreDataProperties.swift in Sources */ = {isa = PBXBuildFile; fileRef = 0FE44CB22A1D2E8D00E6BB3C /* City+CoreDataProperties.swift */; };
		0FE44CC52A1D2E8D00E6BB3C /* User+CoreDataClass.swift in Sources */ = {isa = PBXBuildFile; fileRef = 0FE44CB32A1D2E8D00E6BB3C /* User+CoreDataClass.swift */; };
		0FE44CC62A1D2E8D00E6BB3C /* User+CoreDataProperties.swift in Sources */ = {isa = PBXBuildFile; fileRef = 0FE44CB42A1D2E8D00E6BB3C /* User+CoreDataProperties.swift */; };
		0FE44CC92A1D2E8D00E6BB3C /* Place+CoreDataClass.swift in Sources */ = {isa = PBXBuildFile; fileRef = 0FE44CB72A1D2E8D00E6BB3C /* Place+CoreDataClass.swift */; };
		0FE44CCA2A1D2E8D00E6BB3C /* Place+CoreDataProperties.swift in Sources */ = {isa = PBXBuildFile; fileRef = 0FE44CB82A1D2E8D00E6BB3C /* Place+CoreDataProperties.swift */; };
		0FE44CCD2A1D2F8F00E6BB3C /* Tag+CoreDataClass.swift in Sources */ = {isa = PBXBuildFile; fileRef = 0FE44CCB2A1D2F8F00E6BB3C /* Tag+CoreDataClass.swift */; };
		0FE44CCE2A1D2F8F00E6BB3C /* Tag+CoreDataProperties.swift in Sources */ = {isa = PBXBuildFile; fileRef = 0FE44CCC2A1D2F8F00E6BB3C /* Tag+CoreDataProperties.swift */; };
		0FE5B4B32A1E000F0018E9E0 /* CityEventView.swift in Sources */ = {isa = PBXBuildFile; fileRef = 0FE5B4B22A1E000F0018E9E0 /* CityEventView.swift */; };
		0FE5B4B52A1E00400018E9E0 /* CityEventViewModel.swift in Sources */ = {isa = PBXBuildFile; fileRef = 0FE5B4B42A1E00400018E9E0 /* CityEventViewModel.swift */; };
		0FE5B4BA2A1E2EE10018E9E0 /* PlaceComment+CoreDataClass.swift in Sources */ = {isa = PBXBuildFile; fileRef = 0FE5B4B82A1E2EE10018E9E0 /* PlaceComment+CoreDataClass.swift */; };
		0FE5B4BB2A1E2EE10018E9E0 /* PlaceComment+CoreDataProperties.swift in Sources */ = {isa = PBXBuildFile; fileRef = 0FE5B4B92A1E2EE10018E9E0 /* PlaceComment+CoreDataProperties.swift */; };
		0FE5B4BD2A1E2F7A0018E9E0 /* PlaceViewModel.swift in Sources */ = {isa = PBXBuildFile; fileRef = 0FE5B4BC2A1E2F7A0018E9E0 /* PlaceViewModel.swift */; };
		0FE5B4BF2A1E2F860018E9E0 /* PlaceView.swift in Sources */ = {isa = PBXBuildFile; fileRef = 0FE5B4BE2A1E2F860018E9E0 /* PlaceView.swift */; };
		0FE5B4C12A1E31370018E9E0 /* PlaceNetworkManager.swift in Sources */ = {isa = PBXBuildFile; fileRef = 0FE5B4C02A1E31370018E9E0 /* PlaceNetworkManager.swift */; };
		0FE5B4C32A1E31690018E9E0 /* PlaceDataManager.swift in Sources */ = {isa = PBXBuildFile; fileRef = 0FE5B4C22A1E31690018E9E0 /* PlaceDataManager.swift */; };
		0FF389722A0541F600830A96 /* AuthManagerErrors.swift in Sources */ = {isa = PBXBuildFile; fileRef = 0FF389712A0541F600830A96 /* AuthManagerErrors.swift */; };
		0FF483162A43092200D209AA /* AroundMeView.swift in Sources */ = {isa = PBXBuildFile; fileRef = 0FF483152A43092200D209AA /* AroundMeView.swift */; };
		0FF483182A430C4100D209AA /* TabBarAroundMeButtonView.swift in Sources */ = {isa = PBXBuildFile; fileRef = 0FF483172A430C4100D209AA /* TabBarAroundMeButtonView.swift */; };
		0FF4831A2A4310EF00D209AA /* AroundMeViewModel.swift in Sources */ = {isa = PBXBuildFile; fileRef = 0FF483192A4310EF00D209AA /* AroundMeViewModel.swift */; };
		0FF4831C2A4311E600D209AA /* TabBarAroundMeButton.swift in Sources */ = {isa = PBXBuildFile; fileRef = 0FF4831B2A4311E600D209AA /* TabBarAroundMeButton.swift */; };
/* End PBXBuildFile section */

/* Begin PBXFileReference section */
		0F07AE852A0CEABC0029A940 /* CityView.swift */ = {isa = PBXFileReference; lastKnownFileType = sourcecode.swift; path = CityView.swift; sourceTree = "<group>"; };
		0F07AE872A0CEACA0029A940 /* CityViewModel.swift */ = {isa = PBXFileReference; lastKnownFileType = sourcecode.swift; path = CityViewModel.swift; sourceTree = "<group>"; };
		0F17FCA32A20D33900527735 /* EventNetworkManager.swift */ = {isa = PBXFileReference; lastKnownFileType = sourcecode.swift; path = EventNetworkManager.swift; sourceTree = "<group>"; };
		0F17FCA52A20D44E00527735 /* EventDataManager.swift */ = {isa = PBXFileReference; lastKnownFileType = sourcecode.swift; path = EventDataManager.swift; sourceTree = "<group>"; };
		0F217B322A1BC84F0009B3F9 /* CityPlaceView.swift */ = {isa = PBXFileReference; lastKnownFileType = sourcecode.swift; path = CityPlaceView.swift; sourceTree = "<group>"; };
		0F217B342A1BC8680009B3F9 /* CityPlaceViewModel.swift */ = {isa = PBXFileReference; lastKnownFileType = sourcecode.swift; path = CityPlaceViewModel.swift; sourceTree = "<group>"; };
		0F37F02D2A03D48600679932 /* DictionaryExtension.swift */ = {isa = PBXFileReference; lastKnownFileType = sourcecode.swift; path = DictionaryExtension.swift; sourceTree = "<group>"; };
		0F37F02F2A03F33200679932 /* CatalogView.swift */ = {isa = PBXFileReference; lastKnownFileType = sourcecode.swift; path = CatalogView.swift; sourceTree = "<group>"; };
		0F37F0312A03F34000679932 /* CatalogViewModel.swift */ = {isa = PBXFileReference; lastKnownFileType = sourcecode.swift; path = CatalogViewModel.swift; sourceTree = "<group>"; };
		0F37F0332A03F41B00679932 /* CountryCell.swift */ = {isa = PBXFileReference; lastKnownFileType = sourcecode.swift; path = CountryCell.swift; sourceTree = "<group>"; };
		0F37F0352A03F53D00679932 /* CatalogDataManager.swift */ = {isa = PBXFileReference; lastKnownFileType = sourcecode.swift; path = CatalogDataManager.swift; sourceTree = "<group>"; };
		0F37F0372A03F78B00679932 /* DecodedCountries.swift */ = {isa = PBXFileReference; lastKnownFileType = sourcecode.swift; path = DecodedCountries.swift; sourceTree = "<group>"; };
		0F37F0392A03F80700679932 /* CatalogNetworkManager.swift */ = {isa = PBXFileReference; lastKnownFileType = sourcecode.swift; path = CatalogNetworkManager.swift; sourceTree = "<group>"; };
		0F41D9B42A39D170003B51DA /* LocationManager.swift */ = {isa = PBXFileReference; lastKnownFileType = sourcecode.swift; path = LocationManager.swift; sourceTree = "<group>"; };
		0F53B3142A41C06A0022D84B /* EventAnnotation.swift */ = {isa = PBXFileReference; lastKnownFileType = sourcecode.swift; path = EventAnnotation.swift; sourceTree = "<group>"; };
		0F53B3192A41E9040022D84B /* AddPlaceView.swift */ = {isa = PBXFileReference; lastKnownFileType = sourcecode.swift; path = AddPlaceView.swift; sourceTree = "<group>"; };
		0F53B31E2A41F7090022D84B /* AddPlaceViewModel.swift */ = {isa = PBXFileReference; lastKnownFileType = sourcecode.swift; path = AddPlaceViewModel.swift; sourceTree = "<group>"; };
		0F5B8BE429F83CD90083B81B /* NaviGay.app */ = {isa = PBXFileReference; explicitFileType = wrapper.application; includeInIndex = 0; path = NaviGay.app; sourceTree = BUILT_PRODUCTS_DIR; };
		0F5B8BE729F83CD90083B81B /* NaviGayApp.swift */ = {isa = PBXFileReference; lastKnownFileType = sourcecode.swift; path = NaviGayApp.swift; sourceTree = "<group>"; };
		0F5B8BE929F83CD90083B81B /* EntryView.swift */ = {isa = PBXFileReference; lastKnownFileType = sourcecode.swift; path = EntryView.swift; sourceTree = "<group>"; };
		0F5B8BEB29F83CDA0083B81B /* Assets.xcassets */ = {isa = PBXFileReference; lastKnownFileType = folder.assetcatalog; path = Assets.xcassets; sourceTree = "<group>"; };
		0F5B8BEE29F83CDA0083B81B /* Preview Assets.xcassets */ = {isa = PBXFileReference; lastKnownFileType = folder.assetcatalog; path = "Preview Assets.xcassets"; sourceTree = "<group>"; };
		0F5B8BFA29F857750083B81B /* CoreDataManager.swift */ = {isa = PBXFileReference; lastKnownFileType = sourcecode.swift; path = CoreDataManager.swift; sourceTree = "<group>"; };
		0F5B8C2E29F977CE0083B81B /* NaviGay.xcdatamodel */ = {isa = PBXFileReference; lastKnownFileType = wrapper.xcdatamodel; path = NaviGay.xcdatamodel; sourceTree = "<group>"; };
		0F6C167B29FC083900F6D104 /* NetworkMonitor.swift */ = {isa = PBXFileReference; lastKnownFileType = sourcecode.swift; path = NetworkMonitor.swift; sourceTree = "<group>"; };
		0F6C167D29FC087800F6D104 /* ApiProperties.swift */ = {isa = PBXFileReference; lastKnownFileType = sourcecode.swift; path = ApiProperties.swift; sourceTree = "<group>"; };
		0F6C167F29FC0D2400F6D104 /* AuthNetworkManager.swift */ = {isa = PBXFileReference; lastKnownFileType = sourcecode.swift; path = AuthNetworkManager.swift; sourceTree = "<group>"; };
		0F6C168129FC0D4B00F6D104 /* NetworkErrors.swift */ = {isa = PBXFileReference; lastKnownFileType = sourcecode.swift; path = NetworkErrors.swift; sourceTree = "<group>"; };
		0F7388402A409F6E00EE20D3 /* MapPlaceView.swift */ = {isa = PBXFileReference; lastKnownFileType = sourcecode.swift; path = MapPlaceView.swift; sourceTree = "<group>"; };
		0F7DC03E2A3C9012007034CC /* UserAnnotation.swift */ = {isa = PBXFileReference; lastKnownFileType = sourcecode.swift; path = UserAnnotation.swift; sourceTree = "<group>"; };
		0F7DC0402A3CA751007034CC /* UIKitMapView.swift */ = {isa = PBXFileReference; lastKnownFileType = sourcecode.swift; path = UIKitMapView.swift; sourceTree = "<group>"; };
		0FB281002A0154DE00E79982 /* AuthManager.swift */ = {isa = PBXFileReference; lastKnownFileType = sourcecode.swift; path = AuthManager.swift; sourceTree = "<group>"; };
		0FB281032A02970800E79982 /* DecodedUser.swift */ = {isa = PBXFileReference; lastKnownFileType = sourcecode.swift; path = DecodedUser.swift; sourceTree = "<group>"; };
		0FB281052A02AA3B00E79982 /* TabBarButton.swift */ = {isa = PBXFileReference; lastKnownFileType = sourcecode.swift; path = TabBarButton.swift; sourceTree = "<group>"; };
		0FB281082A02B28000E79982 /* UserViewModel.swift */ = {isa = PBXFileReference; lastKnownFileType = sourcecode.swift; path = UserViewModel.swift; sourceTree = "<group>"; };
		0FB2810A2A02B2C400E79982 /* UserView.swift */ = {isa = PBXFileReference; lastKnownFileType = sourcecode.swift; path = UserView.swift; sourceTree = "<group>"; };
		0FB2810C2A02B6DD00E79982 /* SignUpViewModel.swift */ = {isa = PBXFileReference; lastKnownFileType = sourcecode.swift; path = SignUpViewModel.swift; sourceTree = "<group>"; };
		0FB2810E2A02B6ED00E79982 /* SignUpView.swift */ = {isa = PBXFileReference; lastKnownFileType = sourcecode.swift; path = SignUpView.swift; sourceTree = "<group>"; };
		0FBB1E6D2A3B2AB300FAEEA4 /* MapViewModel.swift */ = {isa = PBXFileReference; lastKnownFileType = sourcecode.swift; path = MapViewModel.swift; sourceTree = "<group>"; };
		0FBB1E6F2A3B56C200FAEEA4 /* PlaceAnnotation.swift */ = {isa = PBXFileReference; lastKnownFileType = sourcecode.swift; path = PlaceAnnotation.swift; sourceTree = "<group>"; };
		0FBB1E712A3B59E700FAEEA4 /* MapDataManager.swift */ = {isa = PBXFileReference; lastKnownFileType = sourcecode.swift; path = MapDataManager.swift; sourceTree = "<group>"; };
		0FBD1F882A16263B00B11CCE /* MapView.swift */ = {isa = PBXFileReference; lastKnownFileType = sourcecode.swift; path = MapView.swift; sourceTree = "<group>"; };
		0FBD1F8A2A1632F900B11CCE /* TabBarButtonView.swift */ = {isa = PBXFileReference; lastKnownFileType = sourcecode.swift; path = TabBarButtonView.swift; sourceTree = "<group>"; };
		0FBD1F8D2A16502F00B11CCE /* ImageCache.swift */ = {isa = PBXFileReference; lastKnownFileType = sourcecode.swift; path = ImageCache.swift; sourceTree = "<group>"; };
		0FBD1F8F2A16508700B11CCE /* ImageLoader.swift */ = {isa = PBXFileReference; lastKnownFileType = sourcecode.swift; path = ImageLoader.swift; sourceTree = "<group>"; };
		0FBD1F912A1650BB00B11CCE /* CachedImageViewModel.swift */ = {isa = PBXFileReference; lastKnownFileType = sourcecode.swift; path = CachedImageViewModel.swift; sourceTree = "<group>"; };
		0FBD1F932A1651B600B11CCE /* CachedImageView.swift */ = {isa = PBXFileReference; lastKnownFileType = sourcecode.swift; path = CachedImageView.swift; sourceTree = "<group>"; };
		0FD2F85D2A1F54D200F3A8C8 /* EventView.swift */ = {isa = PBXFileReference; lastKnownFileType = sourcecode.swift; path = EventView.swift; sourceTree = "<group>"; };
		0FD2F85F2A1F54E000F3A8C8 /* EventViewModel.swift */ = {isa = PBXFileReference; lastKnownFileType = sourcecode.swift; path = EventViewModel.swift; sourceTree = "<group>"; };
		0FD8A75529FA859A004EA3F0 /* EntryViewModel.swift */ = {isa = PBXFileReference; lastKnownFileType = sourcecode.swift; path = EntryViewModel.swift; sourceTree = "<group>"; };
		0FD8A75729FA8929004EA3F0 /* TabBarView.swift */ = {isa = PBXFileReference; lastKnownFileType = sourcecode.swift; path = TabBarView.swift; sourceTree = "<group>"; };
		0FD8A75A29FA898F004EA3F0 /* TabBarViewModel.swift */ = {isa = PBXFileReference; lastKnownFileType = sourcecode.swift; path = TabBarViewModel.swift; sourceTree = "<group>"; };
		0FD8A75C29FA8DEE004EA3F0 /* LaunchScreen.storyboard */ = {isa = PBXFileReference; lastKnownFileType = file.storyboard; path = LaunchScreen.storyboard; sourceTree = "<group>"; };
		0FD8A75E29FA9018004EA3F0 /* UserDataManager.swift */ = {isa = PBXFileReference; lastKnownFileType = sourcecode.swift; path = UserDataManager.swift; sourceTree = "<group>"; };
		0FD8A76029FAA755004EA3F0 /* LoginView.swift */ = {isa = PBXFileReference; lastKnownFileType = sourcecode.swift; path = LoginView.swift; sourceTree = "<group>"; };
		0FD8A76229FAA772004EA3F0 /* LoginViewModel.swift */ = {isa = PBXFileReference; lastKnownFileType = sourcecode.swift; path = LoginViewModel.swift; sourceTree = "<group>"; };
		0FD8A76529FAB2A0004EA3F0 /* AppColors.swift */ = {isa = PBXFileReference; lastKnownFileType = sourcecode.swift; path = AppColors.swift; sourceTree = "<group>"; };
		0FD8A76929FAB439004EA3F0 /* LoginTextField.swift */ = {isa = PBXFileReference; lastKnownFileType = sourcecode.swift; path = LoginTextField.swift; sourceTree = "<group>"; };
		0FD8A76B29FAB45D004EA3F0 /* AppImages.swift */ = {isa = PBXFileReference; lastKnownFileType = sourcecode.swift; path = AppImages.swift; sourceTree = "<group>"; };
		0FD8A76D29FAB70A004EA3F0 /* PasswordTextField.swift */ = {isa = PBXFileReference; lastKnownFileType = sourcecode.swift; path = PasswordTextField.swift; sourceTree = "<group>"; };
		0FD8A77129FAC2A8004EA3F0 /* AsyncButton.swift */ = {isa = PBXFileReference; lastKnownFileType = sourcecode.swift; path = AsyncButton.swift; sourceTree = "<group>"; };
		0FD8A77429FAC3BB004EA3F0 /* ShakeEffect.swift */ = {isa = PBXFileReference; lastKnownFileType = sourcecode.swift; path = ShakeEffect.swift; sourceTree = "<group>"; };
		0FDA20222A092B13008D40D2 /* CountryView.swift */ = {isa = PBXFileReference; lastKnownFileType = sourcecode.swift; path = CountryView.swift; sourceTree = "<group>"; };
		0FDA20242A092B32008D40D2 /* CountryViewModel.swift */ = {isa = PBXFileReference; lastKnownFileType = sourcecode.swift; path = CountryViewModel.swift; sourceTree = "<group>"; };
		0FE44CA72A1D2E8D00E6BB3C /* Event+CoreDataClass.swift */ = {isa = PBXFileReference; lastKnownFileType = sourcecode.swift; path = "Event+CoreDataClass.swift"; sourceTree = SOURCE_ROOT; };
		0FE44CA82A1D2E8D00E6BB3C /* Event+CoreDataProperties.swift */ = {isa = PBXFileReference; lastKnownFileType = sourcecode.swift; path = "Event+CoreDataProperties.swift"; sourceTree = SOURCE_ROOT; };
		0FE44CA92A1D2E8D00E6BB3C /* WorkingTime+CoreDataClass.swift */ = {isa = PBXFileReference; lastKnownFileType = sourcecode.swift; path = "WorkingTime+CoreDataClass.swift"; sourceTree = SOURCE_ROOT; };
		0FE44CAA2A1D2E8D00E6BB3C /* WorkingTime+CoreDataProperties.swift */ = {isa = PBXFileReference; lastKnownFileType = sourcecode.swift; path = "WorkingTime+CoreDataProperties.swift"; sourceTree = SOURCE_ROOT; };
		0FE44CAB2A1D2E8D00E6BB3C /* Photo+CoreDataClass.swift */ = {isa = PBXFileReference; lastKnownFileType = sourcecode.swift; path = "Photo+CoreDataClass.swift"; sourceTree = SOURCE_ROOT; };
		0FE44CAC2A1D2E8D00E6BB3C /* Photo+CoreDataProperties.swift */ = {isa = PBXFileReference; lastKnownFileType = sourcecode.swift; path = "Photo+CoreDataProperties.swift"; sourceTree = SOURCE_ROOT; };
		0FE44CAD2A1D2E8D00E6BB3C /* Region+CoreDataClass.swift */ = {isa = PBXFileReference; lastKnownFileType = sourcecode.swift; path = "Region+CoreDataClass.swift"; sourceTree = SOURCE_ROOT; };
		0FE44CAE2A1D2E8D00E6BB3C /* Region+CoreDataProperties.swift */ = {isa = PBXFileReference; lastKnownFileType = sourcecode.swift; path = "Region+CoreDataProperties.swift"; sourceTree = SOURCE_ROOT; };
		0FE44CAF2A1D2E8D00E6BB3C /* Country+CoreDataClass.swift */ = {isa = PBXFileReference; lastKnownFileType = sourcecode.swift; path = "Country+CoreDataClass.swift"; sourceTree = SOURCE_ROOT; };
		0FE44CB02A1D2E8D00E6BB3C /* Country+CoreDataProperties.swift */ = {isa = PBXFileReference; lastKnownFileType = sourcecode.swift; path = "Country+CoreDataProperties.swift"; sourceTree = SOURCE_ROOT; };
		0FE44CB12A1D2E8D00E6BB3C /* City+CoreDataClass.swift */ = {isa = PBXFileReference; lastKnownFileType = sourcecode.swift; path = "City+CoreDataClass.swift"; sourceTree = SOURCE_ROOT; };
		0FE44CB22A1D2E8D00E6BB3C /* City+CoreDataProperties.swift */ = {isa = PBXFileReference; lastKnownFileType = sourcecode.swift; path = "City+CoreDataProperties.swift"; sourceTree = SOURCE_ROOT; };
		0FE44CB32A1D2E8D00E6BB3C /* User+CoreDataClass.swift */ = {isa = PBXFileReference; lastKnownFileType = sourcecode.swift; path = "User+CoreDataClass.swift"; sourceTree = SOURCE_ROOT; };
		0FE44CB42A1D2E8D00E6BB3C /* User+CoreDataProperties.swift */ = {isa = PBXFileReference; lastKnownFileType = sourcecode.swift; path = "User+CoreDataProperties.swift"; sourceTree = SOURCE_ROOT; };
		0FE44CB72A1D2E8D00E6BB3C /* Place+CoreDataClass.swift */ = {isa = PBXFileReference; lastKnownFileType = sourcecode.swift; path = "Place+CoreDataClass.swift"; sourceTree = SOURCE_ROOT; };
		0FE44CB82A1D2E8D00E6BB3C /* Place+CoreDataProperties.swift */ = {isa = PBXFileReference; lastKnownFileType = sourcecode.swift; path = "Place+CoreDataProperties.swift"; sourceTree = SOURCE_ROOT; };
		0FE44CCB2A1D2F8F00E6BB3C /* Tag+CoreDataClass.swift */ = {isa = PBXFileReference; lastKnownFileType = sourcecode.swift; path = "Tag+CoreDataClass.swift"; sourceTree = SOURCE_ROOT; };
		0FE44CCC2A1D2F8F00E6BB3C /* Tag+CoreDataProperties.swift */ = {isa = PBXFileReference; lastKnownFileType = sourcecode.swift; path = "Tag+CoreDataProperties.swift"; sourceTree = SOURCE_ROOT; };
		0FE5B4B22A1E000F0018E9E0 /* CityEventView.swift */ = {isa = PBXFileReference; lastKnownFileType = sourcecode.swift; path = CityEventView.swift; sourceTree = "<group>"; };
		0FE5B4B42A1E00400018E9E0 /* CityEventViewModel.swift */ = {isa = PBXFileReference; lastKnownFileType = sourcecode.swift; path = CityEventViewModel.swift; sourceTree = "<group>"; };
		0FE5B4B82A1E2EE10018E9E0 /* PlaceComment+CoreDataClass.swift */ = {isa = PBXFileReference; lastKnownFileType = sourcecode.swift; path = "PlaceComment+CoreDataClass.swift"; sourceTree = SOURCE_ROOT; };
		0FE5B4B92A1E2EE10018E9E0 /* PlaceComment+CoreDataProperties.swift */ = {isa = PBXFileReference; lastKnownFileType = sourcecode.swift; path = "PlaceComment+CoreDataProperties.swift"; sourceTree = SOURCE_ROOT; };
		0FE5B4BC2A1E2F7A0018E9E0 /* PlaceViewModel.swift */ = {isa = PBXFileReference; lastKnownFileType = sourcecode.swift; path = PlaceViewModel.swift; sourceTree = "<group>"; };
		0FE5B4BE2A1E2F860018E9E0 /* PlaceView.swift */ = {isa = PBXFileReference; lastKnownFileType = sourcecode.swift; path = PlaceView.swift; sourceTree = "<group>"; };
		0FE5B4C02A1E31370018E9E0 /* PlaceNetworkManager.swift */ = {isa = PBXFileReference; lastKnownFileType = sourcecode.swift; path = PlaceNetworkManager.swift; sourceTree = "<group>"; };
		0FE5B4C22A1E31690018E9E0 /* PlaceDataManager.swift */ = {isa = PBXFileReference; lastKnownFileType = sourcecode.swift; path = PlaceDataManager.swift; sourceTree = "<group>"; };
		0FF389712A0541F600830A96 /* AuthManagerErrors.swift */ = {isa = PBXFileReference; lastKnownFileType = sourcecode.swift; path = AuthManagerErrors.swift; sourceTree = "<group>"; };
		0FF483152A43092200D209AA /* AroundMeView.swift */ = {isa = PBXFileReference; lastKnownFileType = sourcecode.swift; path = AroundMeView.swift; sourceTree = "<group>"; };
		0FF483172A430C4100D209AA /* TabBarAroundMeButtonView.swift */ = {isa = PBXFileReference; lastKnownFileType = sourcecode.swift; path = TabBarAroundMeButtonView.swift; sourceTree = "<group>"; };
		0FF483192A4310EF00D209AA /* AroundMeViewModel.swift */ = {isa = PBXFileReference; lastKnownFileType = sourcecode.swift; path = AroundMeViewModel.swift; sourceTree = "<group>"; };
		0FF4831B2A4311E600D209AA /* TabBarAroundMeButton.swift */ = {isa = PBXFileReference; lastKnownFileType = sourcecode.swift; path = TabBarAroundMeButton.swift; sourceTree = "<group>"; };
/* End PBXFileReference section */

/* Begin PBXFrameworksBuildPhase section */
		0F5B8BE129F83CD90083B81B /* Frameworks */ = {
			isa = PBXFrameworksBuildPhase;
			buildActionMask = 2147483647;
			files = (
			);
			runOnlyForDeploymentPostprocessing = 0;
		};
/* End PBXFrameworksBuildPhase section */

/* Begin PBXGroup section */
		0F17FCA82A20E59D00527735 /* TabBar */ = {
			isa = PBXGroup;
			children = (
				0F5B8C3A29F97B390083B81B /* TabBarView */,
				0FF483142A43091100D209AA /* AroundMe */,
				0F5B8C3429F97AB80083B81B /* Catalog */,
				0F5B8C3529F97AC90083B81B /* Country */,
				0F5B8C3629F97AD40083B81B /* City */,
				0F5B8C3729F97ADB0083B81B /* Place */,
				0F5B8C3829F97ADF0083B81B /* Event */,
				0F5B8C3929F97AE70083B81B /* User */,
			);
			path = TabBar;
			sourceTree = "<group>";
		};
		0F1E95F12A1CB74000136DFE /* Models */ = {
			isa = PBXGroup;
			children = (
				0FE5B4B82A1E2EE10018E9E0 /* PlaceComment+CoreDataClass.swift */,
				0FE5B4B92A1E2EE10018E9E0 /* PlaceComment+CoreDataProperties.swift */,
				0FE44CCB2A1D2F8F00E6BB3C /* Tag+CoreDataClass.swift */,
				0FE44CCC2A1D2F8F00E6BB3C /* Tag+CoreDataProperties.swift */,
				0FE44CA72A1D2E8D00E6BB3C /* Event+CoreDataClass.swift */,
				0FE44CA82A1D2E8D00E6BB3C /* Event+CoreDataProperties.swift */,
				0FE44CA92A1D2E8D00E6BB3C /* WorkingTime+CoreDataClass.swift */,
				0FE44CAA2A1D2E8D00E6BB3C /* WorkingTime+CoreDataProperties.swift */,
				0FE44CAB2A1D2E8D00E6BB3C /* Photo+CoreDataClass.swift */,
				0FE44CAC2A1D2E8D00E6BB3C /* Photo+CoreDataProperties.swift */,
				0FE44CAD2A1D2E8D00E6BB3C /* Region+CoreDataClass.swift */,
				0FE44CAE2A1D2E8D00E6BB3C /* Region+CoreDataProperties.swift */,
				0FE44CAF2A1D2E8D00E6BB3C /* Country+CoreDataClass.swift */,
				0FE44CB02A1D2E8D00E6BB3C /* Country+CoreDataProperties.swift */,
				0FE44CB12A1D2E8D00E6BB3C /* City+CoreDataClass.swift */,
				0FE44CB22A1D2E8D00E6BB3C /* City+CoreDataProperties.swift */,
				0FE44CB32A1D2E8D00E6BB3C /* User+CoreDataClass.swift */,
				0FE44CB42A1D2E8D00E6BB3C /* User+CoreDataProperties.swift */,
				0FE44CB72A1D2E8D00E6BB3C /* Place+CoreDataClass.swift */,
				0FE44CB82A1D2E8D00E6BB3C /* Place+CoreDataProperties.swift */,
			);
			path = Models;
			sourceTree = "<group>";
		};
		0F217B302A1BC8160009B3F9 /* ViewModel */ = {
			isa = PBXGroup;
			children = (
				0F07AE872A0CEACA0029A940 /* CityViewModel.swift */,
			);
			path = ViewModel;
			sourceTree = "<group>";
		};
		0F217B312A1BC8220009B3F9 /* View */ = {
			isa = PBXGroup;
			children = (
				0F07AE852A0CEABC0029A940 /* CityView.swift */,
				0FE5B4B72A1E086B0018E9E0 /* Places */,
				0FE5B4B62A1E08610018E9E0 /* Events */,
			);
			path = View;
			sourceTree = "<group>";
		};
		0F2497B12A1B7F1900174D06 /* Model */ = {
			isa = PBXGroup;
			children = (
				0FB281052A02AA3B00E79982 /* TabBarButton.swift */,
				0FF4831B2A4311E600D209AA /* TabBarAroundMeButton.swift */,
			);
			path = Model;
			sourceTree = "<group>";
		};
		0F2497B22A1B7F4300174D06 /* View */ = {
			isa = PBXGroup;
			children = (
				0FD8A75729FA8929004EA3F0 /* TabBarView.swift */,
				0FBD1F8A2A1632F900B11CCE /* TabBarButtonView.swift */,
				0FF483172A430C4100D209AA /* TabBarAroundMeButtonView.swift */,
			);
			path = View;
			sourceTree = "<group>";
		};
		0F2497B32A1B7F5300174D06 /* ViewModel */ = {
			isa = PBXGroup;
			children = (
				0FD8A75A29FA898F004EA3F0 /* TabBarViewModel.swift */,
			);
			path = ViewModel;
			sourceTree = "<group>";
		};
		0F37F02C2A03D44600679932 /* Extensions */ = {
			isa = PBXGroup;
			children = (
				0F37F02D2A03D48600679932 /* DictionaryExtension.swift */,
			);
			path = Extensions;
			sourceTree = "<group>";
		};
		0F41D9B32A39D152003B51DA /* LocationManager */ = {
			isa = PBXGroup;
			children = (
				0F41D9B42A39D170003B51DA /* LocationManager.swift */,
			);
			path = LocationManager;
			sourceTree = "<group>";
		};
		0F53B3182A41E8E50022D84B /* Add */ = {
			isa = PBXGroup;
			children = (
				0F53B31E2A41F7090022D84B /* AddPlaceViewModel.swift */,
				0F53B3192A41E9040022D84B /* AddPlaceView.swift */,
			);
			path = Add;
			sourceTree = "<group>";
		};
		0F5B8BDB29F83CD90083B81B = {
			isa = PBXGroup;
			children = (
				0F5B8BE629F83CD90083B81B /* NaviGay */,
				0F5B8BE529F83CD90083B81B /* Products */,
			);
			sourceTree = "<group>";
		};
		0F5B8BE529F83CD90083B81B /* Products */ = {
			isa = PBXGroup;
			children = (
				0F5B8BE429F83CD90083B81B /* NaviGay.app */,
			);
			name = Products;
			sourceTree = "<group>";
		};
		0F5B8BE629F83CD90083B81B /* NaviGay */ = {
			isa = PBXGroup;
			children = (
				0F5B8BE729F83CD90083B81B /* NaviGayApp.swift */,
				0FD8A76829FAB390004EA3F0 /* BussinessLogic */,
				0F5B8C3029F97A800083B81B /* Flows */,
				0FD8A76429FAB225004EA3F0 /* Core */,
				0FD8A76729FAB342004EA3F0 /* Environments */,
				0F5B8BED29F83CDA0083B81B /* Preview Content */,
			);
			path = NaviGay;
			sourceTree = "<group>";
		};
		0F5B8BED29F83CDA0083B81B /* Preview Content */ = {
			isa = PBXGroup;
			children = (
				0F5B8BEE29F83CDA0083B81B /* Preview Assets.xcassets */,
			);
			path = "Preview Content";
			sourceTree = "<group>";
		};
		0F5B8C2C29F9770E0083B81B /* CoreData */ = {
			isa = PBXGroup;
			children = (
				0F1E95F12A1CB74000136DFE /* Models */,
				0F5B8BFA29F857750083B81B /* CoreDataManager.swift */,
				0FD8A75E29FA9018004EA3F0 /* UserDataManager.swift */,
				0F37F0352A03F53D00679932 /* CatalogDataManager.swift */,
				0FE5B4C22A1E31690018E9E0 /* PlaceDataManager.swift */,
				0F17FCA52A20D44E00527735 /* EventDataManager.swift */,
				0FBB1E712A3B59E700FAEEA4 /* MapDataManager.swift */,
				0F5B8C2D29F977CE0083B81B /* NaviGay.xcdatamodeld */,
			);
			path = CoreData;
			sourceTree = "<group>";
		};
		0F5B8C3029F97A800083B81B /* Flows */ = {
			isa = PBXGroup;
			children = (
				0F5B8C3129F97A9E0083B81B /* Entry */,
				0F5B8C3B29F97B540083B81B /* Auth */,
				0F17FCA82A20E59D00527735 /* TabBar */,
				0F53B3182A41E8E50022D84B /* Add */,
			);
			path = Flows;
			sourceTree = "<group>";
		};
		0F5B8C3129F97A9E0083B81B /* Entry */ = {
			isa = PBXGroup;
			children = (
				0FD8A75529FA859A004EA3F0 /* EntryViewModel.swift */,
				0F5B8BE929F83CD90083B81B /* EntryView.swift */,
			);
			path = Entry;
			sourceTree = "<group>";
		};
		0F5B8C3229F97AA60083B81B /* Login */ = {
			isa = PBXGroup;
			children = (
				0FD8A76229FAA772004EA3F0 /* LoginViewModel.swift */,
				0FD8A76029FAA755004EA3F0 /* LoginView.swift */,
			);
			path = Login;
			sourceTree = "<group>";
		};
		0F5B8C3329F97AAE0083B81B /* SignUp */ = {
			isa = PBXGroup;
			children = (
				0FB2810C2A02B6DD00E79982 /* SignUpViewModel.swift */,
				0FB2810E2A02B6ED00E79982 /* SignUpView.swift */,
			);
			path = SignUp;
			sourceTree = "<group>";
		};
		0F5B8C3429F97AB80083B81B /* Catalog */ = {
			isa = PBXGroup;
			children = (
				0F37F0312A03F34000679932 /* CatalogViewModel.swift */,
				0F37F02F2A03F33200679932 /* CatalogView.swift */,
				0F37F0332A03F41B00679932 /* CountryCell.swift */,
			);
			path = Catalog;
			sourceTree = "<group>";
		};
		0F5B8C3529F97AC90083B81B /* Country */ = {
			isa = PBXGroup;
			children = (
				0FDA20242A092B32008D40D2 /* CountryViewModel.swift */,
				0FDA20222A092B13008D40D2 /* CountryView.swift */,
			);
			path = Country;
			sourceTree = "<group>";
		};
		0F5B8C3629F97AD40083B81B /* City */ = {
			isa = PBXGroup;
			children = (
				0F217B302A1BC8160009B3F9 /* ViewModel */,
				0F217B312A1BC8220009B3F9 /* View */,
			);
			path = City;
			sourceTree = "<group>";
		};
		0F5B8C3729F97ADB0083B81B /* Place */ = {
			isa = PBXGroup;
			children = (
				0FE5B4BC2A1E2F7A0018E9E0 /* PlaceViewModel.swift */,
				0FE5B4BE2A1E2F860018E9E0 /* PlaceView.swift */,
			);
			path = Place;
			sourceTree = "<group>";
		};
		0F5B8C3829F97ADF0083B81B /* Event */ = {
			isa = PBXGroup;
			children = (
				0FD2F85F2A1F54E000F3A8C8 /* EventViewModel.swift */,
				0FD2F85D2A1F54D200F3A8C8 /* EventView.swift */,
			);
			path = Event;
			sourceTree = "<group>";
		};
		0F5B8C3929F97AE70083B81B /* User */ = {
			isa = PBXGroup;
			children = (
				0FB281082A02B28000E79982 /* UserViewModel.swift */,
				0FB2810A2A02B2C400E79982 /* UserView.swift */,
			);
			path = User;
			sourceTree = "<group>";
		};
		0F5B8C3A29F97B390083B81B /* TabBarView */ = {
			isa = PBXGroup;
			children = (
				0F2497B12A1B7F1900174D06 /* Model */,
				0F2497B32A1B7F5300174D06 /* ViewModel */,
				0F2497B22A1B7F4300174D06 /* View */,
			);
			path = TabBarView;
			sourceTree = "<group>";
		};
		0F5B8C3B29F97B540083B81B /* Auth */ = {
			isa = PBXGroup;
			children = (
				0F5B8C3229F97AA60083B81B /* Login */,
				0F5B8C3329F97AAE0083B81B /* SignUp */,
				0FD8A76F29FABF53004EA3F0 /* ChildViews */,
			);
			path = Auth;
			sourceTree = "<group>";
		};
		0F5B8C3C29F97BC20083B81B /* Map */ = {
			isa = PBXGroup;
			children = (
				0F73883D2A40696200EE20D3 /* Model */,
				0F73883E2A40696700EE20D3 /* ViewModel */,
				0F73883F2A40696E00EE20D3 /* View */,
			);
			path = Map;
			sourceTree = "<group>";
		};
		0F5B8C3D29F97BCC0083B81B /* Home */ = {
			isa = PBXGroup;
			children = (
			);
			path = Home;
			sourceTree = "<group>";
		};
		0F6C167A29FC07F900F6D104 /* Network */ = {
			isa = PBXGroup;
			children = (
				0F6C167B29FC083900F6D104 /* NetworkMonitor.swift */,
				0F6C168129FC0D4B00F6D104 /* NetworkErrors.swift */,
				0F6C167D29FC087800F6D104 /* ApiProperties.swift */,
				0FB280FE2A0149C000E79982 /* NetworkManagers */,
				0FB281022A0296CB00E79982 /* Entity */,
			);
			path = Network;
			sourceTree = "<group>";
		};
		0F73883D2A40696200EE20D3 /* Model */ = {
			isa = PBXGroup;
			children = (
				0FBB1E6F2A3B56C200FAEEA4 /* PlaceAnnotation.swift */,
				0F7DC03E2A3C9012007034CC /* UserAnnotation.swift */,
				0F53B3142A41C06A0022D84B /* EventAnnotation.swift */,
			);
			path = Model;
			sourceTree = "<group>";
		};
		0F73883E2A40696700EE20D3 /* ViewModel */ = {
			isa = PBXGroup;
			children = (
				0FBB1E6D2A3B2AB300FAEEA4 /* MapViewModel.swift */,
			);
			path = ViewModel;
			sourceTree = "<group>";
		};
		0F73883F2A40696E00EE20D3 /* View */ = {
			isa = PBXGroup;
			children = (
				0FBD1F882A16263B00B11CCE /* MapView.swift */,
				0F7DC0402A3CA751007034CC /* UIKitMapView.swift */,
				0F7388402A409F6E00EE20D3 /* MapPlaceView.swift */,
			);
			path = View;
			sourceTree = "<group>";
		};
		0FB280FE2A0149C000E79982 /* NetworkManagers */ = {
			isa = PBXGroup;
			children = (
				0F6C167F29FC0D2400F6D104 /* AuthNetworkManager.swift */,
				0F37F0392A03F80700679932 /* CatalogNetworkManager.swift */,
				0FE5B4C02A1E31370018E9E0 /* PlaceNetworkManager.swift */,
				0F17FCA32A20D33900527735 /* EventNetworkManager.swift */,
			);
			path = NetworkManagers;
			sourceTree = "<group>";
		};
		0FB280FF2A0154D100E79982 /* AuthManager */ = {
			isa = PBXGroup;
			children = (
				0FF389712A0541F600830A96 /* AuthManagerErrors.swift */,
				0FB281002A0154DE00E79982 /* AuthManager.swift */,
			);
			path = AuthManager;
			sourceTree = "<group>";
		};
		0FB281022A0296CB00E79982 /* Entity */ = {
			isa = PBXGroup;
			children = (
				0FB281032A02970800E79982 /* DecodedUser.swift */,
				0F37F0372A03F78B00679932 /* DecodedCountries.swift */,
			);
			path = Entity;
			sourceTree = "<group>";
		};
		0FBD1F8C2A16500F00B11CCE /* ImageCacher */ = {
			isa = PBXGroup;
			children = (
				0FBD1F8D2A16502F00B11CCE /* ImageCache.swift */,
				0FBD1F8F2A16508700B11CCE /* ImageLoader.swift */,
				0FBD1F912A1650BB00B11CCE /* CachedImageViewModel.swift */,
				0FBD1F932A1651B600B11CCE /* CachedImageView.swift */,
			);
			path = ImageCacher;
			sourceTree = "<group>";
		};
		0FD8A76429FAB225004EA3F0 /* Core */ = {
			isa = PBXGroup;
			children = (
				0F37F02C2A03D44600679932 /* Extensions */,
				0FD8A77329FAC39C004EA3F0 /* GeometryEffects */,
				0FD8A77029FAC292004EA3F0 /* Buttons */,
				0FD8A76529FAB2A0004EA3F0 /* AppColors.swift */,
				0FD8A76B29FAB45D004EA3F0 /* AppImages.swift */,
			);
			path = Core;
			sourceTree = "<group>";
		};
		0FD8A76729FAB342004EA3F0 /* Environments */ = {
			isa = PBXGroup;
			children = (
				0F5B8BEB29F83CDA0083B81B /* Assets.xcassets */,
				0FD8A75C29FA8DEE004EA3F0 /* LaunchScreen.storyboard */,
			);
			path = Environments;
			sourceTree = "<group>";
		};
		0FD8A76829FAB390004EA3F0 /* BussinessLogic */ = {
			isa = PBXGroup;
			children = (
				0FB280FF2A0154D100E79982 /* AuthManager */,
				0F6C167A29FC07F900F6D104 /* Network */,
				0F5B8C2C29F9770E0083B81B /* CoreData */,
				0F41D9B32A39D152003B51DA /* LocationManager */,
				0FBD1F8C2A16500F00B11CCE /* ImageCacher */,
			);
			path = BussinessLogic;
			sourceTree = "<group>";
		};
		0FD8A76F29FABF53004EA3F0 /* ChildViews */ = {
			isa = PBXGroup;
			children = (
				0FD8A76929FAB439004EA3F0 /* LoginTextField.swift */,
				0FD8A76D29FAB70A004EA3F0 /* PasswordTextField.swift */,
			);
			path = ChildViews;
			sourceTree = "<group>";
		};
		0FD8A77029FAC292004EA3F0 /* Buttons */ = {
			isa = PBXGroup;
			children = (
				0FD8A77129FAC2A8004EA3F0 /* AsyncButton.swift */,
			);
			path = Buttons;
			sourceTree = "<group>";
		};
		0FD8A77329FAC39C004EA3F0 /* GeometryEffects */ = {
			isa = PBXGroup;
			children = (
				0FD8A77429FAC3BB004EA3F0 /* ShakeEffect.swift */,
			);
			path = GeometryEffects;
			sourceTree = "<group>";
		};
		0FE5B4B62A1E08610018E9E0 /* Events */ = {
			isa = PBXGroup;
			children = (
				0FE5B4B42A1E00400018E9E0 /* CityEventViewModel.swift */,
				0FE5B4B22A1E000F0018E9E0 /* CityEventView.swift */,
			);
			path = Events;
			sourceTree = "<group>";
		};
		0FE5B4B72A1E086B0018E9E0 /* Places */ = {
			isa = PBXGroup;
			children = (
				0F217B342A1BC8680009B3F9 /* CityPlaceViewModel.swift */,
				0F217B322A1BC84F0009B3F9 /* CityPlaceView.swift */,
			);
			path = Places;
			sourceTree = "<group>";
		};
		0FF483142A43091100D209AA /* AroundMe */ = {
			isa = PBXGroup;
			children = (
				0FF483192A4310EF00D209AA /* AroundMeViewModel.swift */,
				0FF483152A43092200D209AA /* AroundMeView.swift */,
				0F5B8C3D29F97BCC0083B81B /* Home */,
				0F5B8C3C29F97BC20083B81B /* Map */,
			);
			path = AroundMe;
			sourceTree = "<group>";
		};
/* End PBXGroup section */

/* Begin PBXNativeTarget section */
		0F5B8BE329F83CD90083B81B /* NaviGay */ = {
			isa = PBXNativeTarget;
			buildConfigurationList = 0F5B8BF729F83CDA0083B81B /* Build configuration list for PBXNativeTarget "NaviGay" */;
			buildPhases = (
				0F5B8BE029F83CD90083B81B /* Sources */,
				0F5B8BE129F83CD90083B81B /* Frameworks */,
				0F5B8BE229F83CD90083B81B /* Resources */,
			);
			buildRules = (
			);
			dependencies = (
			);
			name = NaviGay;
			productName = NaviGay;
			productReference = 0F5B8BE429F83CD90083B81B /* NaviGay.app */;
			productType = "com.apple.product-type.application";
		};
/* End PBXNativeTarget section */

/* Begin PBXProject section */
		0F5B8BDC29F83CD90083B81B /* Project object */ = {
			isa = PBXProject;
			attributes = {
				BuildIndependentTargetsInParallel = 1;
				LastSwiftUpdateCheck = 1430;
				LastUpgradeCheck = 1430;
				TargetAttributes = {
					0F5B8BE329F83CD90083B81B = {
						CreatedOnToolsVersion = 14.3;
					};
				};
			};
			buildConfigurationList = 0F5B8BDF29F83CD90083B81B /* Build configuration list for PBXProject "NaviGay" */;
			compatibilityVersion = "Xcode 14.0";
			developmentRegion = en;
			hasScannedForEncodings = 0;
			knownRegions = (
				en,
				Base,
			);
			mainGroup = 0F5B8BDB29F83CD90083B81B;
			productRefGroup = 0F5B8BE529F83CD90083B81B /* Products */;
			projectDirPath = "";
			projectRoot = "";
			targets = (
				0F5B8BE329F83CD90083B81B /* NaviGay */,
			);
		};
/* End PBXProject section */

/* Begin PBXResourcesBuildPhase section */
		0F5B8BE229F83CD90083B81B /* Resources */ = {
			isa = PBXResourcesBuildPhase;
			buildActionMask = 2147483647;
			files = (
				0FD8A75D29FA8DEE004EA3F0 /* LaunchScreen.storyboard in Resources */,
				0F5B8BEF29F83CDA0083B81B /* Preview Assets.xcassets in Resources */,
				0F5B8BEC29F83CDA0083B81B /* Assets.xcassets in Resources */,
			);
			runOnlyForDeploymentPostprocessing = 0;
		};
/* End PBXResourcesBuildPhase section */

/* Begin PBXSourcesBuildPhase section */
		0F5B8BE029F83CD90083B81B /* Sources */ = {
			isa = PBXSourcesBuildPhase;
			buildActionMask = 2147483647;
			files = (
				0FF4831C2A4311E600D209AA /* TabBarAroundMeButton.swift in Sources */,
				0FE44CC92A1D2E8D00E6BB3C /* Place+CoreDataClass.swift in Sources */,
				0F5B8BEA29F83CD90083B81B /* EntryView.swift in Sources */,
				0F37F0382A03F78B00679932 /* DecodedCountries.swift in Sources */,
				0FB281092A02B28000E79982 /* UserViewModel.swift in Sources */,
				0FE5B4BA2A1E2EE10018E9E0 /* PlaceComment+CoreDataClass.swift in Sources */,
				0FDA20232A092B13008D40D2 /* CountryView.swift in Sources */,
				0FDA20252A092B32008D40D2 /* CountryViewModel.swift in Sources */,
				0FF4831A2A4310EF00D209AA /* AroundMeViewModel.swift in Sources */,
				0FF483182A430C4100D209AA /* TabBarAroundMeButtonView.swift in Sources */,
				0FB2810B2A02B2C400E79982 /* UserView.swift in Sources */,
				0FE44CBE2A1D2E8D00E6BB3C /* Photo+CoreDataProperties.swift in Sources */,
				0F17FCA62A20D44E00527735 /* EventDataManager.swift in Sources */,
				0F53B31F2A41F7090022D84B /* AddPlaceViewModel.swift in Sources */,
				0FB281012A0154DE00E79982 /* AuthManager.swift in Sources */,
				0FBD1F942A1651B600B11CCE /* CachedImageView.swift in Sources */,
				0FB281062A02AA3B00E79982 /* TabBarButton.swift in Sources */,
				0F37F03A2A03F80700679932 /* CatalogNetworkManager.swift in Sources */,
				0FE5B4B32A1E000F0018E9E0 /* CityEventView.swift in Sources */,
				0FD8A75629FA859A004EA3F0 /* EntryViewModel.swift in Sources */,
				0F07AE882A0CEACA0029A940 /* CityViewModel.swift in Sources */,
				0FD8A76E29FAB70A004EA3F0 /* PasswordTextField.swift in Sources */,
				0FBD1F922A1650BB00B11CCE /* CachedImageViewModel.swift in Sources */,
				0FE44CCE2A1D2F8F00E6BB3C /* Tag+CoreDataProperties.swift in Sources */,
				0F17FCA42A20D33900527735 /* EventNetworkManager.swift in Sources */,
				0FBD1F8E2A16502F00B11CCE /* ImageCache.swift in Sources */,
				0F6C168229FC0D4B00F6D104 /* NetworkErrors.swift in Sources */,
				0F37F0322A03F34000679932 /* CatalogViewModel.swift in Sources */,
				0FB281042A02970800E79982 /* DecodedUser.swift in Sources */,
				0F6C167E29FC087800F6D104 /* ApiProperties.swift in Sources */,
				0F5B8BE829F83CD90083B81B /* NaviGayApp.swift in Sources */,
				0FE44CBF2A1D2E8D00E6BB3C /* Region+CoreDataClass.swift in Sources */,
				0FBD1F892A16263B00B11CCE /* MapView.swift in Sources */,
				0FD8A76129FAA755004EA3F0 /* LoginView.swift in Sources */,
				0F217B332A1BC84F0009B3F9 /* CityPlaceView.swift in Sources */,
				0F37F0342A03F41B00679932 /* CountryCell.swift in Sources */,
				0FBB1E702A3B56C200FAEEA4 /* PlaceAnnotation.swift in Sources */,
				0FD8A77529FAC3BB004EA3F0 /* ShakeEffect.swift in Sources */,
				0FD8A76629FAB2A0004EA3F0 /* AppColors.swift in Sources */,
				0F7388412A409F6E00EE20D3 /* MapPlaceView.swift in Sources */,
				0FE5B4C12A1E31370018E9E0 /* PlaceNetworkManager.swift in Sources */,
				0FB2810D2A02B6DD00E79982 /* SignUpViewModel.swift in Sources */,
				0F5B8BFB29F857750083B81B /* CoreDataManager.swift in Sources */,
				0FE44CBD2A1D2E8D00E6BB3C /* Photo+CoreDataClass.swift in Sources */,
				0F41D9B52A39D170003B51DA /* LocationManager.swift in Sources */,
				0F217B352A1BC8680009B3F9 /* CityPlaceViewModel.swift in Sources */,
				0FB2810F2A02B6ED00E79982 /* SignUpView.swift in Sources */,
				0FE44CBA2A1D2E8D00E6BB3C /* Event+CoreDataProperties.swift in Sources */,
				0FE44CC22A1D2E8D00E6BB3C /* Country+CoreDataProperties.swift in Sources */,
				0FBD1F8B2A1632F900B11CCE /* TabBarButtonView.swift in Sources */,
				0F7DC03F2A3C9012007034CC /* UserAnnotation.swift in Sources */,
				0F6C167C29FC083900F6D104 /* NetworkMonitor.swift in Sources */,
				0FBD1F902A16508700B11CCE /* ImageLoader.swift in Sources */,
				0FBB1E6E2A3B2AB300FAEEA4 /* MapViewModel.swift in Sources */,
				0FD2F8602A1F54E000F3A8C8 /* EventViewModel.swift in Sources */,
				0FE44CBC2A1D2E8D00E6BB3C /* WorkingTime+CoreDataProperties.swift in Sources */,
				0FE5B4B52A1E00400018E9E0 /* CityEventViewModel.swift in Sources */,
				0FE5B4BF2A1E2F860018E9E0 /* PlaceView.swift in Sources */,
				0FD8A76C29FAB45D004EA3F0 /* AppImages.swift in Sources */,
				0FD2F85E2A1F54D200F3A8C8 /* EventView.swift in Sources */,
				0FE44CC42A1D2E8D00E6BB3C /* City+CoreDataProperties.swift in Sources */,
				0F37F02E2A03D48600679932 /* DictionaryExtension.swift in Sources */,
				0F6C168029FC0D2400F6D104 /* AuthNetworkManager.swift in Sources */,
				0FE44CC02A1D2E8D00E6BB3C /* Region+CoreDataProperties.swift in Sources */,
				0FBB1E722A3B59E700FAEEA4 /* MapDataManager.swift in Sources */,
				0FE44CB92A1D2E8D00E6BB3C /* Event+CoreDataClass.swift in Sources */,
				0FE44CC32A1D2E8D00E6BB3C /* City+CoreDataClass.swift in Sources */,
				0FE5B4C32A1E31690018E9E0 /* PlaceDataManager.swift in Sources */,
				0FE44CCA2A1D2E8D00E6BB3C /* Place+CoreDataProperties.swift in Sources */,
				0F53B31A2A41E9040022D84B /* AddPlaceView.swift in Sources */,
				0FE44CC62A1D2E8D00E6BB3C /* User+CoreDataProperties.swift in Sources */,
				0FD8A75F29FA9018004EA3F0 /* UserDataManager.swift in Sources */,
				0F37F0302A03F33200679932 /* CatalogView.swift in Sources */,
				0FE44CBB2A1D2E8D00E6BB3C /* WorkingTime+CoreDataClass.swift in Sources */,
				0FD8A75829FA8929004EA3F0 /* TabBarView.swift in Sources */,
				0FE44CC12A1D2E8D00E6BB3C /* Country+CoreDataClass.swift in Sources */,
				0FD8A75B29FA898F004EA3F0 /* TabBarViewModel.swift in Sources */,
				0FD8A77229FAC2A8004EA3F0 /* AsyncButton.swift in Sources */,
				0FE44CCD2A1D2F8F00E6BB3C /* Tag+CoreDataClass.swift in Sources */,
				0FF389722A0541F600830A96 /* AuthManagerErrors.swift in Sources */,
				0F7DC0412A3CA751007034CC /* UIKitMapView.swift in Sources */,
				0FE44CC52A1D2E8D00E6BB3C /* User+CoreDataClass.swift in Sources */,
				0FE5B4BD2A1E2F7A0018E9E0 /* PlaceViewModel.swift in Sources */,
				0F53B3152A41C06A0022D84B /* EventAnnotation.swift in Sources */,
				0FE5B4BB2A1E2EE10018E9E0 /* PlaceComment+CoreDataProperties.swift in Sources */,
				0F37F0362A03F53D00679932 /* CatalogDataManager.swift in Sources */,
				0FF483162A43092200D209AA /* AroundMeView.swift in Sources */,
				0FD8A76A29FAB439004EA3F0 /* LoginTextField.swift in Sources */,
				0F07AE862A0CEABC0029A940 /* CityView.swift in Sources */,
				0FD8A76329FAA772004EA3F0 /* LoginViewModel.swift in Sources */,
				0F5B8C2F29F977CE0083B81B /* NaviGay.xcdatamodeld in Sources */,
			);
			runOnlyForDeploymentPostprocessing = 0;
		};
/* End PBXSourcesBuildPhase section */

/* Begin XCBuildConfiguration section */
		0F5B8BF529F83CDA0083B81B /* Debug */ = {
			isa = XCBuildConfiguration;
			buildSettings = {
				ALWAYS_SEARCH_USER_PATHS = NO;
				CLANG_ANALYZER_NONNULL = YES;
				CLANG_ANALYZER_NUMBER_OBJECT_CONVERSION = YES_AGGRESSIVE;
				CLANG_CXX_LANGUAGE_STANDARD = "gnu++20";
				CLANG_ENABLE_MODULES = YES;
				CLANG_ENABLE_OBJC_ARC = YES;
				CLANG_ENABLE_OBJC_WEAK = YES;
				CLANG_WARN_BLOCK_CAPTURE_AUTORELEASING = YES;
				CLANG_WARN_BOOL_CONVERSION = YES;
				CLANG_WARN_COMMA = YES;
				CLANG_WARN_CONSTANT_CONVERSION = YES;
				CLANG_WARN_DEPRECATED_OBJC_IMPLEMENTATIONS = YES;
				CLANG_WARN_DIRECT_OBJC_ISA_USAGE = YES_ERROR;
				CLANG_WARN_DOCUMENTATION_COMMENTS = YES;
				CLANG_WARN_EMPTY_BODY = YES;
				CLANG_WARN_ENUM_CONVERSION = YES;
				CLANG_WARN_INFINITE_RECURSION = YES;
				CLANG_WARN_INT_CONVERSION = YES;
				CLANG_WARN_NON_LITERAL_NULL_CONVERSION = YES;
				CLANG_WARN_OBJC_IMPLICIT_RETAIN_SELF = YES;
				CLANG_WARN_OBJC_LITERAL_CONVERSION = YES;
				CLANG_WARN_OBJC_ROOT_CLASS = YES_ERROR;
				CLANG_WARN_QUOTED_INCLUDE_IN_FRAMEWORK_HEADER = YES;
				CLANG_WARN_RANGE_LOOP_ANALYSIS = YES;
				CLANG_WARN_STRICT_PROTOTYPES = YES;
				CLANG_WARN_SUSPICIOUS_MOVE = YES;
				CLANG_WARN_UNGUARDED_AVAILABILITY = YES_AGGRESSIVE;
				CLANG_WARN_UNREACHABLE_CODE = YES;
				CLANG_WARN__DUPLICATE_METHOD_MATCH = YES;
				COPY_PHASE_STRIP = NO;
				DEBUG_INFORMATION_FORMAT = dwarf;
				ENABLE_STRICT_OBJC_MSGSEND = YES;
				ENABLE_TESTABILITY = YES;
				GCC_C_LANGUAGE_STANDARD = gnu11;
				GCC_DYNAMIC_NO_PIC = NO;
				GCC_NO_COMMON_BLOCKS = YES;
				GCC_OPTIMIZATION_LEVEL = 0;
				GCC_PREPROCESSOR_DEFINITIONS = (
					"DEBUG=1",
					"$(inherited)",
				);
				GCC_WARN_64_TO_32_BIT_CONVERSION = YES;
				GCC_WARN_ABOUT_RETURN_TYPE = YES_ERROR;
				GCC_WARN_UNDECLARED_SELECTOR = YES;
				GCC_WARN_UNINITIALIZED_AUTOS = YES_AGGRESSIVE;
				GCC_WARN_UNUSED_FUNCTION = YES;
				GCC_WARN_UNUSED_VARIABLE = YES;
				IPHONEOS_DEPLOYMENT_TARGET = 16.4;
				MTL_ENABLE_DEBUG_INFO = INCLUDE_SOURCE;
				MTL_FAST_MATH = YES;
				ONLY_ACTIVE_ARCH = YES;
				SDKROOT = iphoneos;
				SWIFT_ACTIVE_COMPILATION_CONDITIONS = DEBUG;
				SWIFT_OPTIMIZATION_LEVEL = "-Onone";
			};
			name = Debug;
		};
		0F5B8BF629F83CDA0083B81B /* Release */ = {
			isa = XCBuildConfiguration;
			buildSettings = {
				ALWAYS_SEARCH_USER_PATHS = NO;
				CLANG_ANALYZER_NONNULL = YES;
				CLANG_ANALYZER_NUMBER_OBJECT_CONVERSION = YES_AGGRESSIVE;
				CLANG_CXX_LANGUAGE_STANDARD = "gnu++20";
				CLANG_ENABLE_MODULES = YES;
				CLANG_ENABLE_OBJC_ARC = YES;
				CLANG_ENABLE_OBJC_WEAK = YES;
				CLANG_WARN_BLOCK_CAPTURE_AUTORELEASING = YES;
				CLANG_WARN_BOOL_CONVERSION = YES;
				CLANG_WARN_COMMA = YES;
				CLANG_WARN_CONSTANT_CONVERSION = YES;
				CLANG_WARN_DEPRECATED_OBJC_IMPLEMENTATIONS = YES;
				CLANG_WARN_DIRECT_OBJC_ISA_USAGE = YES_ERROR;
				CLANG_WARN_DOCUMENTATION_COMMENTS = YES;
				CLANG_WARN_EMPTY_BODY = YES;
				CLANG_WARN_ENUM_CONVERSION = YES;
				CLANG_WARN_INFINITE_RECURSION = YES;
				CLANG_WARN_INT_CONVERSION = YES;
				CLANG_WARN_NON_LITERAL_NULL_CONVERSION = YES;
				CLANG_WARN_OBJC_IMPLICIT_RETAIN_SELF = YES;
				CLANG_WARN_OBJC_LITERAL_CONVERSION = YES;
				CLANG_WARN_OBJC_ROOT_CLASS = YES_ERROR;
				CLANG_WARN_QUOTED_INCLUDE_IN_FRAMEWORK_HEADER = YES;
				CLANG_WARN_RANGE_LOOP_ANALYSIS = YES;
				CLANG_WARN_STRICT_PROTOTYPES = YES;
				CLANG_WARN_SUSPICIOUS_MOVE = YES;
				CLANG_WARN_UNGUARDED_AVAILABILITY = YES_AGGRESSIVE;
				CLANG_WARN_UNREACHABLE_CODE = YES;
				CLANG_WARN__DUPLICATE_METHOD_MATCH = YES;
				COPY_PHASE_STRIP = NO;
				DEBUG_INFORMATION_FORMAT = "dwarf-with-dsym";
				ENABLE_NS_ASSERTIONS = NO;
				ENABLE_STRICT_OBJC_MSGSEND = YES;
				GCC_C_LANGUAGE_STANDARD = gnu11;
				GCC_NO_COMMON_BLOCKS = YES;
				GCC_WARN_64_TO_32_BIT_CONVERSION = YES;
				GCC_WARN_ABOUT_RETURN_TYPE = YES_ERROR;
				GCC_WARN_UNDECLARED_SELECTOR = YES;
				GCC_WARN_UNINITIALIZED_AUTOS = YES_AGGRESSIVE;
				GCC_WARN_UNUSED_FUNCTION = YES;
				GCC_WARN_UNUSED_VARIABLE = YES;
				IPHONEOS_DEPLOYMENT_TARGET = 16.4;
				MTL_ENABLE_DEBUG_INFO = NO;
				MTL_FAST_MATH = YES;
				SDKROOT = iphoneos;
				SWIFT_COMPILATION_MODE = wholemodule;
				SWIFT_OPTIMIZATION_LEVEL = "-O";
				VALIDATE_PRODUCT = YES;
			};
			name = Release;
		};
		0F5B8BF829F83CDA0083B81B /* Debug */ = {
			isa = XCBuildConfiguration;
			buildSettings = {
				ASSETCATALOG_COMPILER_APPICON_NAME = AppIcon;
				ASSETCATALOG_COMPILER_GLOBAL_ACCENT_COLOR_NAME = AccentColor;
				CODE_SIGN_STYLE = Automatic;
				CURRENT_PROJECT_VERSION = 1;
				DEVELOPMENT_ASSET_PATHS = "\"NaviGay/Preview Content\"";
				DEVELOPMENT_TEAM = SK7334S258;
				ENABLE_PREVIEWS = YES;
				GENERATE_INFOPLIST_FILE = YES;
				INFOPLIST_KEY_NSLocationWhenInUseUsageDescription = "This App need your location!!!!!!!!!!!!";
				INFOPLIST_KEY_UIApplicationSceneManifest_Generation = YES;
				INFOPLIST_KEY_UIApplicationSupportsIndirectInputEvents = YES;
				INFOPLIST_KEY_UILaunchScreen_Generation = YES;
				INFOPLIST_KEY_UILaunchStoryboardName = LaunchScreen.storyboard;
				INFOPLIST_KEY_UIRequiresFullScreen = YES;
				INFOPLIST_KEY_UIStatusBarStyle = "";
				INFOPLIST_KEY_UISupportedInterfaceOrientations = UIInterfaceOrientationPortrait;
				INFOPLIST_KEY_UISupportedInterfaceOrientations_iPad = "UIInterfaceOrientationLandscapeLeft UIInterfaceOrientationLandscapeRight UIInterfaceOrientationPortrait";
				LD_RUNPATH_SEARCH_PATHS = (
					"$(inherited)",
					"@executable_path/Frameworks",
				);
				MARKETING_VERSION = 1.0;
				PRODUCT_BUNDLE_IDENTIFIER = Zasenko.NaviGay;
				PRODUCT_NAME = "$(TARGET_NAME)";
				SWIFT_EMIT_LOC_STRINGS = YES;
				SWIFT_VERSION = 5.0;
				TARGETED_DEVICE_FAMILY = "1,2";
			};
			name = Debug;
		};
		0F5B8BF929F83CDA0083B81B /* Release */ = {
			isa = XCBuildConfiguration;
			buildSettings = {
				ASSETCATALOG_COMPILER_APPICON_NAME = AppIcon;
				ASSETCATALOG_COMPILER_GLOBAL_ACCENT_COLOR_NAME = AccentColor;
				CODE_SIGN_STYLE = Automatic;
				CURRENT_PROJECT_VERSION = 1;
				DEVELOPMENT_ASSET_PATHS = "\"NaviGay/Preview Content\"";
				DEVELOPMENT_TEAM = SK7334S258;
				ENABLE_PREVIEWS = YES;
				GENERATE_INFOPLIST_FILE = YES;
				INFOPLIST_KEY_NSLocationWhenInUseUsageDescription = "This App need your location!!!!!!!!!!!!";
				INFOPLIST_KEY_UIApplicationSceneManifest_Generation = YES;
				INFOPLIST_KEY_UIApplicationSupportsIndirectInputEvents = YES;
				INFOPLIST_KEY_UILaunchScreen_Generation = YES;
				INFOPLIST_KEY_UILaunchStoryboardName = LaunchScreen.storyboard;
				INFOPLIST_KEY_UIRequiresFullScreen = YES;
				INFOPLIST_KEY_UIStatusBarStyle = "";
				INFOPLIST_KEY_UISupportedInterfaceOrientations = UIInterfaceOrientationPortrait;
				INFOPLIST_KEY_UISupportedInterfaceOrientations_iPad = "UIInterfaceOrientationLandscapeLeft UIInterfaceOrientationLandscapeRight UIInterfaceOrientationPortrait";
				LD_RUNPATH_SEARCH_PATHS = (
					"$(inherited)",
					"@executable_path/Frameworks",
				);
				MARKETING_VERSION = 1.0;
				PRODUCT_BUNDLE_IDENTIFIER = Zasenko.NaviGay;
				PRODUCT_NAME = "$(TARGET_NAME)";
				SWIFT_EMIT_LOC_STRINGS = YES;
				SWIFT_VERSION = 5.0;
				TARGETED_DEVICE_FAMILY = "1,2";
			};
			name = Release;
		};
/* End XCBuildConfiguration section */

/* Begin XCConfigurationList section */
		0F5B8BDF29F83CD90083B81B /* Build configuration list for PBXProject "NaviGay" */ = {
			isa = XCConfigurationList;
			buildConfigurations = (
				0F5B8BF529F83CDA0083B81B /* Debug */,
				0F5B8BF629F83CDA0083B81B /* Release */,
			);
			defaultConfigurationIsVisible = 0;
			defaultConfigurationName = Release;
		};
		0F5B8BF729F83CDA0083B81B /* Build configuration list for PBXNativeTarget "NaviGay" */ = {
			isa = XCConfigurationList;
			buildConfigurations = (
				0F5B8BF829F83CDA0083B81B /* Debug */,
				0F5B8BF929F83CDA0083B81B /* Release */,
			);
			defaultConfigurationIsVisible = 0;
			defaultConfigurationName = Release;
		};
/* End XCConfigurationList section */

/* Begin XCVersionGroup section */
		0F5B8C2D29F977CE0083B81B /* NaviGay.xcdatamodeld */ = {
			isa = XCVersionGroup;
			children = (
				0F5B8C2E29F977CE0083B81B /* NaviGay.xcdatamodel */,
			);
			currentVersion = 0F5B8C2E29F977CE0083B81B /* NaviGay.xcdatamodel */;
			path = NaviGay.xcdatamodeld;
			sourceTree = "<group>";
			versionGroupType = wrapper.xcdatamodel;
		};
/* End XCVersionGroup section */
	};
	rootObject = 0F5B8BDC29F83CD90083B81B /* Project object */;
}
